
Microsoft Visual Studio Solution File, Format Version 12.00
# Visual Studio Version 17
VisualStudioVersion = 17.5.002.0
MinimumVisualStudioVersion = 10.0.40219.1
Project("{9A19103F-16F7-4668-BE54-9A1E7A4F7556}") = "exceptions", "exceptions.csproj", "{1695F0B7-DB86-43C8-A266-DEFE2964896A}"
EndProject
Global
	GlobalSection(SolutionConfigurationPlatforms) = preSolution
		Debug|Any CPU = Debug|Any CPU
		Release|Any CPU = Release|Any CPU
	EndGlobalSection
	GlobalSection(ProjectConfigurationPlatforms) = postSolution
		{1695F0B7-DB86-43C8-A266-DEFE2964896A}.Debug|Any CPU.ActiveCfg = Debug|Any CPU
		{1695F0B7-DB86-43C8-A266-DEFE2964896A}.Debug|Any CPU.Build.0 = Debug|Any CPU
		{1695F0B7-DB86-43C8-A266-DEFE2964896A}.Release|Any CPU.ActiveCfg = Release|Any CPU
		{1695F0B7-DB86-43C8-A266-DEFE2964896A}.Release|Any CPU.Build.0 = Release|Any CPU
	EndGlobalSection
	GlobalSection(SolutionProperties) = preSolution
		HideSolutionNode = FALSE
	EndGlobalSection
	GlobalSection(ExtensibilityGlobals) = postSolution
		SolutionGuid = {CEB5B321-A20C-40AD-ACC2-17676BDCE4E6}
	EndGlobalSection
EndGlobal
