Microsoft Visual Studio Solution File, Format Version 12.00
# Visual Studio Version 17
VisualStudioVersion = 17.5.2.0
MinimumVisualStudioVersion = 10.0.40219.1
Project("{FAE04EC0-301F-11D3-BF4B-00C04F79EFBC}") = "Block3", "Block3.csproj", "{BFADA939-7B87-7E11-62F0-7BAE2ADE2207}"
EndProject
Global
	GlobalSection(SolutionConfigurationPlatforms) = preSolution
		Debug|Any CPU = Debug|Any CPU
		Release|Any CPU = Release|Any CPU
	EndGlobalSection
	GlobalSection(ProjectConfigurationPlatforms) = postSolution
		{BFADA939-7B87-7E11-62F0-7BAE2ADE2207}.Debug|Any CPU.ActiveCfg = Debug|Any CPU
		{BFADA939-7B87-7E11-62F0-7BAE2ADE2207}.Debug|Any CPU.Build.0 = Debug|Any CPU
		{BFADA939-7B87-7E11-62F0-7BAE2ADE2207}.Release|Any CPU.ActiveCfg = Release|Any CPU
		{BFADA939-7B87-7E11-62F0-7BAE2ADE2207}.Release|Any CPU.Build.0 = Release|Any CPU
	EndGlobalSection
	GlobalSection(SolutionProperties) = preSolution
		HideSolutionNode = FALSE
	EndGlobalSection
	GlobalSection(ExtensibilityGlobals) = postSolution
		SolutionGuid = {2C801BFA-DC18-4035-8359-4641420099B4}
	EndGlobalSection
EndGlobal
